{
  "name": "ftx_grid_trading_bot",
  "version": "1.0.0",
  "lockfileVersion": 1,
  "requires": true,
  "dependencies": {
    "ccxt": {
      "version": "1.49.93",
      "resolved": "https://registry.npmjs.org/ccxt/-/ccxt-1.49.93.tgz",
      "integrity": "sha512-VAKFsuNvRyxJLTwq97yL5WsioABsdlMVtmMvQvyWHREQUG44oc+KxZZhpu3T0RUFHwA06GldA6ujA3ImUjL0yg=="
    }
  }
}
